
Microsoft Visual Studio Solution File, Format Version 12.00
# Visual Studio Version 17
VisualStudioVersion = 17.2.32630.192
MinimumVisualStudioVersion = 10.0.40219.1
Project("{9A19103F-16F7-4668-BE54-9A1E7A4F7556}") = "Experian.API", "ExperianWeather.API\Experian.API.csproj", "{B8C5AF42-17D3-4B1F-B8A1-AEE7B197D078}"
EndProject
Project("{2150E333-8FDC-42A3-9474-1A3956D46DE8}") = "Solution Items", "Solution Items", "{8976540D-C483-4CC5-99EA-118C32C5B303}"
	ProjectSection(SolutionItems) = preProject
		.editorconfig = .editorconfig
	EndProjectSection
EndProject
Project("{FAE04EC0-301F-11D3-BF4B-00C04F79EFBC}") = "Experian.API.Test", "Experian.API.Test\Experian.API.Test.csproj", "{DDC0409C-B17C-4332-8ECE-E02E58D46D9C}"
EndProject
Global
	GlobalSection(SolutionConfigurationPlatforms) = preSolution
		Debug|Any CPU = Debug|Any CPU
		Release|Any CPU = Release|Any CPU
	EndGlobalSection
	GlobalSection(ProjectConfigurationPlatforms) = postSolution
		{B8C5AF42-17D3-4B1F-B8A1-AEE7B197D078}.Debug|Any CPU.ActiveCfg = Debug|Any CPU
		{B8C5AF42-17D3-4B1F-B8A1-AEE7B197D078}.Debug|Any CPU.Build.0 = Debug|Any CPU
		{B8C5AF42-17D3-4B1F-B8A1-AEE7B197D078}.Release|Any CPU.ActiveCfg = Release|Any CPU
		{B8C5AF42-17D3-4B1F-B8A1-AEE7B197D078}.Release|Any CPU.Build.0 = Release|Any CPU
		{DDC0409C-B17C-4332-8ECE-E02E58D46D9C}.Debug|Any CPU.ActiveCfg = Debug|Any CPU
		{DDC0409C-B17C-4332-8ECE-E02E58D46D9C}.Debug|Any CPU.Build.0 = Debug|Any CPU
		{DDC0409C-B17C-4332-8ECE-E02E58D46D9C}.Release|Any CPU.ActiveCfg = Release|Any CPU
		{DDC0409C-B17C-4332-8ECE-E02E58D46D9C}.Release|Any CPU.Build.0 = Release|Any CPU
	EndGlobalSection
	GlobalSection(SolutionProperties) = preSolution
		HideSolutionNode = FALSE
	EndGlobalSection
	GlobalSection(ExtensibilityGlobals) = postSolution
		SolutionGuid = {714BC55A-41CC-4035-A50C-EEC432CE3F3B}
	EndGlobalSection
EndGlobal
